// !$*UTF8*$!
{
	archiveVersion = 1;
	classes = {
	};
	objectVersion = 46;
	objects = {

/* Begin PBXBuildFile section */
		DF1EC1361DE579E900908CE0 /* RNMTA.m in Sources */ = {isa = PBXBuildFile; fileRef = DF1EC1351DE579E900908CE0 /* RNMTA.m */; };
		DF1EC1381DE579FF00908CE0 /* libmtasdk.a in Frameworks */ = {isa = PBXBuildFile; fileRef = DF1EC1371DE579FF00908CE0 /* libmtasdk.a */; };
/* End PBXBuildFile section */

/* Begin PBXFileReference section */
		DF1EC0FC1DE5796300908CE0 /* mta.app */ = {isa = PBXFileReference; explicitFileType = wrapper.application; includeInIndex = 0; path = mta.app; sourceTree = BUILT_PRODUCTS_DIR; };
		DF1EC1321DE579E900908CE0 /* MTA.h */ = {isa = PBXFileReference; fileEncoding = 4; lastKnownFileType = sourcecode.c.h; path = MTA.h; sourceTree = "<group>"; };
		DF1EC1331DE579E900908CE0 /* MTAConfig.h */ = {isa = PBXFileReference; fileEncoding = 4; lastKnownFileType = sourcecode.c.h; path = MTAConfig.h; sourceTree = "<group>"; };
		DF1EC1341DE579E900908CE0 /* RNMTA.h */ = {isa = PBXFileReference; fileEncoding = 4; lastKnownFileType = sourcecode.c.h; path = RNMTA.h; sourceTree = "<group>"; };
		DF1EC1351DE579E900908CE0 /* RNMTA.m */ = {isa = PBXFileReference; fileEncoding = 4; lastKnownFileType = sourcecode.c.objc; path = RNMTA.m; sourceTree = "<group>"; };
		DF1EC1371DE579FF00908CE0 /* libmtasdk.a */ = {isa = PBXFileReference; lastKnownFileType = archive.ar; path = libmtasdk.a; sourceTree = "<group>"; };
/* End PBXFileReference section */

/* Begin PBXFrameworksBuildPhase section */
		DF1EC0F91DE5796300908CE0 /* Frameworks */ = {
			isa = PBXFrameworksBuildPhase;
			buildActionMask = 2147483647;
			files = (
				DF1EC1381DE579FF00908CE0 /* libmtasdk.a in Frameworks */,
			);
			runOnlyForDeploymentPostprocessing = 0;
		};
/* End PBXFrameworksBuildPhase section */

/* Begin PBXGroup section */
		DF1EC0F31DE5796300908CE0 = {
			isa = PBXGroup;
			children = (
				DF1EC0FE1DE5796300908CE0 /* mta */,
				DF1EC0FD1DE5796300908CE0 /* Products */,
			);
			sourceTree = "<group>";
		};
		DF1EC0FD1DE5796300908CE0 /* Products */ = {
			isa = PBXGroup;
			children = (
				DF1EC0FC1DE5796300908CE0 /* mta.app */,
			);
			name = Products;
			sourceTree = "<group>";
		};
		DF1EC0FE1DE5796300908CE0 /* mta */ = {
			isa = PBXGroup;
			children = (
				DF1EC1371DE579FF00908CE0 /* libmtasdk.a */,
				DF1EC1321DE579E900908CE0 /* MTA.h */,
				DF1EC1331DE579E900908CE0 /* MTAConfig.h */,
				DF1EC1341DE579E900908CE0 /* RNMTA.h */,
				DF1EC1351DE579E900908CE0 /* RNMTA.m */,
			);
			path = mta;
			sourceTree = "<group>";
		};
/* End PBXGroup section */

/* Begin PBXNativeTarget section */
		DF1EC0FB1DE5796300908CE0 /* mta */ = {
			isa = PBXNativeTarget;
			buildConfigurationList = DF1EC1291DE5796400908CE0 /* Build configuration list for PBXNativeTarget "mta" */;
			buildPhases = (
				DF1EC0F81DE5796300908CE0 /* Sources */,
				DF1EC0F91DE5796300908CE0 /* Frameworks */,
				DF1EC0FA1DE5796300908CE0 /* Resources */,
			);
			buildRules = (
			);
			dependencies = (
			);
			name = mta;
			productName = mta;
			productReference = DF1EC0FC1DE5796300908CE0 /* mta.app */;
			productType = "com.apple.product-type.application";
		};
/* End PBXNativeTarget section */

/* Begin PBXProject section */
		DF1EC0F41DE5796300908CE0 /* Project object */ = {
			isa = PBXProject;
			attributes = {
				LastUpgradeCheck = 0810;
				ORGANIZATIONNAME = "xiaosheng xu";
				TargetAttributes = {
					DF1EC0FB1DE5796300908CE0 = {
						CreatedOnToolsVersion = 8.1;
						ProvisioningStyle = Automatic;
					};
				};
			};
			buildConfigurationList = DF1EC0F71DE5796300908CE0 /* Build configuration list for PBXProject "mta" */;
			compatibilityVersion = "Xcode 3.2";
			developmentRegion = English;
			hasScannedForEncodings = 0;
			knownRegions = (
				en,
				Base,
			);
			mainGroup = DF1EC0F31DE5796300908CE0;
			productRefGroup = DF1EC0FD1DE5796300908CE0 /* Products */;
			projectDirPath = "";
			projectRoot = "";
			targets = (
				DF1EC0FB1DE5796300908CE0 /* mta */,
			);
		};
/* End PBXProject section */

/* Begin PBXResourcesBuildPhase section */
		DF1EC0FA1DE5796300908CE0 /* Resources */ = {
			isa = PBXResourcesBuildPhase;
			buildActionMask = 2147483647;
			files = (
			);
			runOnlyForDeploymentPostprocessing = 0;
		};
/* End PBXResourcesBuildPhase section */

/* Begin PBXSourcesBuildPhase section */
		DF1EC0F81DE5796300908CE0 /* Sources */ = {
			isa = PBXSourcesBuildPhase;
			buildActionMask = 2147483647;
			files = (
				DF1EC1361DE579E900908CE0 /* RNMTA.m in Sources */,
			);
			runOnlyForDeploymentPostprocessing = 0;
		};
/* End PBXSourcesBuildPhase section */

/* Begin XCBuildConfiguration section */
		DF1EC1271DE5796400908CE0 /* Debug */ = {
			isa = XCBuildConfiguration;
			buildSettings = {
				ALWAYS_SEARCH_USER_PATHS = NO;
				CLANG_ANALYZER_NONNULL = YES;
				CLANG_CXX_LANGUAGE_STANDARD = "gnu++0x";
				CLANG_CXX_LIBRARY = "libc++";
				CLANG_ENABLE_MODULES = YES;
				CLANG_ENABLE_OBJC_ARC = YES;
				CLANG_WARN_BOOL_CONVERSION = YES;
				CLANG_WARN_CONSTANT_CONVERSION = YES;
				CLANG_WARN_DIRECT_OBJC_ISA_USAGE = YES_ERROR;
				CLANG_WARN_DOCUMENTATION_COMMENTS = YES;
				CLANG_WARN_EMPTY_BODY = YES;
				CLANG_WARN_ENUM_CONVERSION = YES;
				CLANG_WARN_INFINITE_RECURSION = YES;
				CLANG_WARN_INT_CONVERSION = YES;
				CLANG_WARN_OBJC_ROOT_CLASS = YES_ERROR;
				CLANG_WARN_SUSPICIOUS_MOVES = YES;
				CLANG_WARN_UNREACHABLE_CODE = YES;
				CLANG_WARN__DUPLICATE_METHOD_MATCH = YES;
				"CODE_SIGN_IDENTITY[sdk=iphoneos*]" = "iPhone Developer";
				COPY_PHASE_STRIP = NO;
				DEBUG_INFORMATION_FORMAT = dwarf;
				ENABLE_STRICT_OBJC_MSGSEND = YES;
				ENABLE_TESTABILITY = YES;
				GCC_C_LANGUAGE_STANDARD = gnu99;
				GCC_DYNAMIC_NO_PIC = NO;
				GCC_NO_COMMON_BLOCKS = YES;
				GCC_OPTIMIZATION_LEVEL = 0;
				GCC_PREPROCESSOR_DEFINITIONS = (
					"DEBUG=1",
					"$(inherited)",
				);
				GCC_WARN_64_TO_32_BIT_CONVERSION = YES;
				GCC_WARN_ABOUT_RETURN_TYPE = YES_ERROR;
				GCC_WARN_UNDECLARED_SELECTOR = YES;
				GCC_WARN_UNINITIALIZED_AUTOS = YES_AGGRESSIVE;
				GCC_WARN_UNUSED_FUNCTION = YES;
				GCC_WARN_UNUSED_VARIABLE = YES;
				IPHONEOS_DEPLOYMENT_TARGET = 10.1;
				MTL_ENABLE_DEBUG_INFO = YES;
				ONLY_ACTIVE_ARCH = YES;
				SDKROOT = iphoneos;
				TARGETED_DEVICE_FAMILY = "1,2";
			};
			name = Debug;
		};
		DF1EC1281DE5796400908CE0 /* Release */ = {
			isa = XCBuildConfiguration;
			buildSettings = {
				ALWAYS_SEARCH_USER_PATHS = NO;
				CLANG_ANALYZER_NONNULL = YES;
				CLANG_CXX_LANGUAGE_STANDARD = "gnu++0x";
				CLANG_CXX_LIBRARY = "libc++";
				CLANG_ENABLE_MODULES = YES;
				CLANG_ENABLE_OBJC_ARC = YES;
				CLANG_WARN_BOOL_CONVERSION = YES;
				CLANG_WARN_CONSTANT_CONVERSION = YES;
				CLANG_WARN_DIRECT_OBJC_ISA_USAGE = YES_ERROR;
				CLANG_WARN_DOCUMENTATION_COMMENTS = YES;
				CLANG_WARN_EMPTY_BODY = YES;
				CLANG_WARN_ENUM_CONVERSION = YES;
				CLANG_WARN_INFINITE_RECURSION = YES;
				CLANG_WARN_INT_CONVERSION = YES;
				CLANG_WARN_OBJC_ROOT_CLASS = YES_ERROR;
				CLANG_WARN_SUSPICIOUS_MOVES = YES;
				CLANG_WARN_UNREACHABLE_CODE = YES;
				CLANG_WARN__DUPLICATE_METHOD_MATCH = YES;
				"CODE_SIGN_IDENTITY[sdk=iphoneos*]" = "iPhone Developer";
				COPY_PHASE_STRIP = NO;
				DEBUG_INFORMATION_FORMAT = "dwarf-with-dsym";
				ENABLE_NS_ASSERTIONS = NO;
				ENABLE_STRICT_OBJC_MSGSEND = YES;
				GCC_C_LANGUAGE_STANDARD = gnu99;
				GCC_NO_COMMON_BLOCKS = YES;
				GCC_WARN_64_TO_32_BIT_CONVERSION = YES;
				GCC_WARN_ABOUT_RETURN_TYPE = YES_ERROR;
				GCC_WARN_UNDECLARED_SELECTOR = YES;
				GCC_WARN_UNINITIALIZED_AUTOS = YES_AGGRESSIVE;
				GCC_WARN_UNUSED_FUNCTION = YES;
				GCC_WARN_UNUSED_VARIABLE = YES;
				IPHONEOS_DEPLOYMENT_TARGET = 10.1;
				MTL_ENABLE_DEBUG_INFO = NO;
				SDKROOT = iphoneos;
				TARGETED_DEVICE_FAMILY = "1,2";
				VALIDATE_PRODUCT = YES;
			};
			name = Release;
		};
		DF1EC12A1DE5796400908CE0 /* Debug */ = {
			isa = XCBuildConfiguration;
			buildSettings = {
				ASSETCATALOG_COMPILER_APPICON_NAME = AppIcon;
				INFOPLIST_FILE = mta/Info.plist;
				LD_RUNPATH_SEARCH_PATHS = "$(inherited) @executable_path/Frameworks";
				LIBRARY_SEARCH_PATHS = (
					"$(inherited)",
					"$(PROJECT_DIR)/mta",
				);
				PRODUCT_BUNDLE_IDENTIFIER = com.xuxsheng.mta.mta;
				PRODUCT_NAME = "$(TARGET_NAME)";
			};
			name = Debug;
		};
		DF1EC12B1DE5796400908CE0 /* Release */ = {
			isa = XCBuildConfiguration;
			buildSettings = {
				ASSETCATALOG_COMPILER_APPICON_NAME = AppIcon;
				INFOPLIST_FILE = mta/Info.plist;
				LD_RUNPATH_SEARCH_PATHS = "$(inherited) @executable_path/Frameworks";
				LIBRARY_SEARCH_PATHS = (
					"$(inherited)",
					"$(PROJECT_DIR)/mta",
				);
				PRODUCT_BUNDLE_IDENTIFIER = com.xuxsheng.mta.mta;
				PRODUCT_NAME = "$(TARGET_NAME)";
			};
			name = Release;
		};
/* End XCBuildConfiguration section */

/* Begin XCConfigurationList section */
		DF1EC0F71DE5796300908CE0 /* Build configuration list for PBXProject "mta" */ = {
			isa = XCConfigurationList;
			buildConfigurations = (
				DF1EC1271DE5796400908CE0 /* Debug */,
				DF1EC1281DE5796400908CE0 /* Release */,
			);
			defaultConfigurationIsVisible = 0;
			defaultConfigurationName = Release;
		};
		DF1EC1291DE5796400908CE0 /* Build configuration list for PBXNativeTarget "mta" */ = {
			isa = XCConfigurationList;
			buildConfigurations = (
				DF1EC12A1DE5796400908CE0 /* Debug */,
				DF1EC12B1DE5796400908CE0 /* Release */,
			);
			defaultConfigurationIsVisible = 0;
		};
/* End XCConfigurationList section */
	};
	rootObject = DF1EC0F41DE5796300908CE0 /* Project object */;
}
